// !$*UTF8*$!
{
	archiveVersion = 1;
	classes = {
	};
	objectVersion = 50;
	objects = {

/* Begin PBXBuildFile section */
		545FF3F32330C158003D844F /* AppDelegate.m in Sources */ = {isa = PBXBuildFile; fileRef = 545FF3F22330C158003D844F /* AppDelegate.m */; };
		545FF3F62330C158003D844F /* ViewController.m in Sources */ = {isa = PBXBuildFile; fileRef = 545FF3F52330C158003D844F /* ViewController.m */; };
		545FF3F92330C158003D844F /* Main.storyboard in Resources */ = {isa = PBXBuildFile; fileRef = 545FF3F72330C158003D844F /* Main.storyboard */; };
		545FF3FB2330C15B003D844F /* Assets.xcassets in Resources */ = {isa = PBXBuildFile; fileRef = 545FF3FA2330C15B003D844F /* Assets.xcassets */; };
		545FF3FE2330C15B003D844F /* LaunchScreen.storyboard in Resources */ = {isa = PBXBuildFile; fileRef = 545FF3FC2330C15B003D844F /* LaunchScreen.storyboard */; };
		545FF4012330C15B003D844F /* main.m in Sources */ = {isa = PBXBuildFile; fileRef = 545FF4002330C15B003D844F /* main.m */; };
		54EAFDFB2330E054002296FE /* UIView+Frame.m in Sources */ = {isa = PBXBuildFile; fileRef = 54EAFDFA2330E054002296FE /* UIView+Frame.m */; };
		54EAFDFE23310431002296FE /* HomeCVCell.m in Sources */ = {isa = PBXBuildFile; fileRef = 54EAFDFD23310431002296FE /* HomeCVCell.m */; };
		54EAFE0123311260002296FE /* ToolVC.m in Sources */ = {isa = PBXBuildFile; fileRef = 54EAFE0023311260002296FE /* ToolVC.m */; };
		E48A8F4C23365C3300F1FC33 /* exchange.json in Resources */ = {isa = PBXBuildFile; fileRef = E48A8F4B23365C3300F1FC33 /* exchange.json */; };
		E48A8F4F2336664100F1FC33 /* ToolCell.m in Sources */ = {isa = PBXBuildFile; fileRef = E48A8F4E2336664100F1FC33 /* ToolCell.m */; };
		EED4FE8EAE76F9BE63AFA07A /* libPods-Exchange.a in Frameworks */ = {isa = PBXBuildFile; fileRef = 0F4822EAE9E203AB0C3D6D0E /* libPods-Exchange.a */; };
/* End PBXBuildFile section */

/* Begin PBXFileReference section */
		0F4822EAE9E203AB0C3D6D0E /* libPods-Exchange.a */ = {isa = PBXFileReference; explicitFileType = archive.ar; includeInIndex = 0; path = "libPods-Exchange.a"; sourceTree = BUILT_PRODUCTS_DIR; };
		28E02D5F4C70F9DFE8A68254 /* Pods-Exchange.debug.xcconfig */ = {isa = PBXFileReference; includeInIndex = 1; lastKnownFileType = text.xcconfig; name = "Pods-Exchange.debug.xcconfig"; path = "Pods/Target Support Files/Pods-Exchange/Pods-Exchange.debug.xcconfig"; sourceTree = "<group>"; };
		545FF3EE2330C158003D844F /* Exchange.app */ = {isa = PBXFileReference; explicitFileType = wrapper.application; includeInIndex = 0; path = Exchange.app; sourceTree = BUILT_PRODUCTS_DIR; };
		545FF3F12330C158003D844F /* AppDelegate.h */ = {isa = PBXFileReference; lastKnownFileType = sourcecode.c.h; path = AppDelegate.h; sourceTree = "<group>"; };
		545FF3F22330C158003D844F /* AppDelegate.m */ = {isa = PBXFileReference; lastKnownFileType = sourcecode.c.objc; path = AppDelegate.m; sourceTree = "<group>"; };
		545FF3F42330C158003D844F /* ViewController.h */ = {isa = PBXFileReference; lastKnownFileType = sourcecode.c.h; path = ViewController.h; sourceTree = "<group>"; };
		545FF3F52330C158003D844F /* ViewController.m */ = {isa = PBXFileReference; lastKnownFileType = sourcecode.c.objc; path = ViewController.m; sourceTree = "<group>"; };
		545FF3F82330C158003D844F /* Base */ = {isa = PBXFileReference; lastKnownFileType = file.storyboard; name = Base; path = Base.lproj/Main.storyboard; sourceTree = "<group>"; };
		545FF3FA2330C15B003D844F /* Assets.xcassets */ = {isa = PBXFileReference; lastKnownFileType = folder.assetcatalog; path = Assets.xcassets; sourceTree = "<group>"; };
		545FF3FD2330C15B003D844F /* Base */ = {isa = PBXFileReference; lastKnownFileType = file.storyboard; name = Base; path = Base.lproj/LaunchScreen.storyboard; sourceTree = "<group>"; };
		545FF3FF2330C15B003D844F /* Info.plist */ = {isa = PBXFileReference; lastKnownFileType = text.plist.xml; path = Info.plist; sourceTree = "<group>"; };
		545FF4002330C15B003D844F /* main.m */ = {isa = PBXFileReference; lastKnownFileType = sourcecode.c.objc; path = main.m; sourceTree = "<group>"; };
		54EAFDF82330DE70002296FE /* PrefixHeader.pch */ = {isa = PBXFileReference; lastKnownFileType = sourcecode.c.h; path = PrefixHeader.pch; sourceTree = "<group>"; };
		54EAFDF92330E054002296FE /* UIView+Frame.h */ = {isa = PBXFileReference; fileEncoding = 4; lastKnownFileType = sourcecode.c.h; path = "UIView+Frame.h"; sourceTree = "<group>"; };
		54EAFDFA2330E054002296FE /* UIView+Frame.m */ = {isa = PBXFileReference; fileEncoding = 4; lastKnownFileType = sourcecode.c.objc; path = "UIView+Frame.m"; sourceTree = "<group>"; };
		54EAFDFC23310431002296FE /* HomeCVCell.h */ = {isa = PBXFileReference; lastKnownFileType = sourcecode.c.h; path = HomeCVCell.h; sourceTree = "<group>"; };
		54EAFDFD23310431002296FE /* HomeCVCell.m */ = {isa = PBXFileReference; lastKnownFileType = sourcecode.c.objc; path = HomeCVCell.m; sourceTree = "<group>"; };
		54EAFDFF23311260002296FE /* ToolVC.h */ = {isa = PBXFileReference; lastKnownFileType = sourcecode.c.h; path = ToolVC.h; sourceTree = "<group>"; };
		54EAFE0023311260002296FE /* ToolVC.m */ = {isa = PBXFileReference; lastKnownFileType = sourcecode.c.objc; path = ToolVC.m; sourceTree = "<group>"; };
		98F2451A5F8ADF26DEF19266 /* Pods-Exchange.release.xcconfig */ = {isa = PBXFileReference; includeInIndex = 1; lastKnownFileType = text.xcconfig; name = "Pods-Exchange.release.xcconfig"; path = "Pods/Target Support Files/Pods-Exchange/Pods-Exchange.release.xcconfig"; sourceTree = "<group>"; };
		E48A8F4B23365C3300F1FC33 /* exchange.json */ = {isa = PBXFileReference; fileEncoding = 4; lastKnownFileType = text.json; path = exchange.json; sourceTree = "<group>"; };
		E48A8F4D2336664100F1FC33 /* ToolCell.h */ = {isa = PBXFileReference; lastKnownFileType = sourcecode.c.h; path = ToolCell.h; sourceTree = "<group>"; };
		E48A8F4E2336664100F1FC33 /* ToolCell.m */ = {isa = PBXFileReference; lastKnownFileType = sourcecode.c.objc; path = ToolCell.m; sourceTree = "<group>"; };
/* End PBXFileReference section */

/* Begin PBXFrameworksBuildPhase section */
		545FF3EB2330C158003D844F /* Frameworks */ = {
			isa = PBXFrameworksBuildPhase;
			buildActionMask = 2147483647;
			files = (
				EED4FE8EAE76F9BE63AFA07A /* libPods-Exchange.a in Frameworks */,
			);
			runOnlyForDeploymentPostprocessing = 0;
		};
/* End PBXFrameworksBuildPhase section */

/* Begin PBXGroup section */
		22A9E1F57CA3D5E0B7E98AF4 /* Frameworks */ = {
			isa = PBXGroup;
			children = (
				0F4822EAE9E203AB0C3D6D0E /* libPods-Exchange.a */,
			);
			name = Frameworks;
			sourceTree = "<group>";
		};
		545FF3E52330C158003D844F = {
			isa = PBXGroup;
			children = (
				545FF3F02330C158003D844F /* Exchange */,
				545FF3EF2330C158003D844F /* Products */,
				79737872B86C831B3F5CF5C7 /* Pods */,
				22A9E1F57CA3D5E0B7E98AF4 /* Frameworks */,
			);
			sourceTree = "<group>";
		};
		545FF3EF2330C158003D844F /* Products */ = {
			isa = PBXGroup;
			children = (
				545FF3EE2330C158003D844F /* Exchange.app */,
			);
			name = Products;
			sourceTree = "<group>";
		};
		545FF3F02330C158003D844F /* Exchange */ = {
			isa = PBXGroup;
			children = (
				545FF3F12330C158003D844F /* AppDelegate.h */,
				545FF3F22330C158003D844F /* AppDelegate.m */,
				545FF3F42330C158003D844F /* ViewController.h */,
				545FF3F52330C158003D844F /* ViewController.m */,
				54EAFDFF23311260002296FE /* ToolVC.h */,
				54EAFE0023311260002296FE /* ToolVC.m */,
				54EAFDFC23310431002296FE /* HomeCVCell.h */,
				54EAFDFD23310431002296FE /* HomeCVCell.m */,
				E48A8F4D2336664100F1FC33 /* ToolCell.h */,
				E48A8F4E2336664100F1FC33 /* ToolCell.m */,
				545FF3F72330C158003D844F /* Main.storyboard */,
				54EAFDF92330E054002296FE /* UIView+Frame.h */,
				54EAFDFA2330E054002296FE /* UIView+Frame.m */,
				545FF3FA2330C15B003D844F /* Assets.xcassets */,
				545FF3FC2330C15B003D844F /* LaunchScreen.storyboard */,
				545FF3FF2330C15B003D844F /* Info.plist */,
				545FF4002330C15B003D844F /* main.m */,
				54EAFDF82330DE70002296FE /* PrefixHeader.pch */,
				E48A8F4B23365C3300F1FC33 /* exchange.json */,
			);
			path = Exchange;
			sourceTree = "<group>";
		};
		79737872B86C831B3F5CF5C7 /* Pods */ = {
			isa = PBXGroup;
			children = (
				28E02D5F4C70F9DFE8A68254 /* Pods-Exchange.debug.xcconfig */,
				98F2451A5F8ADF26DEF19266 /* Pods-Exchange.release.xcconfig */,
			);
			name = Pods;
			sourceTree = "<group>";
		};
/* End PBXGroup section */

/* Begin PBXNativeTarget section */
		545FF3ED2330C158003D844F /* Exchange */ = {
			isa = PBXNativeTarget;
			buildConfigurationList = 545FF4042330C15B003D844F /* Build configuration list for PBXNativeTarget "Exchange" */;
			buildPhases = (
				56CC0675FA5A95AC0E8D0E78 /* [CP] Check Pods Manifest.lock */,
				545FF3EA2330C158003D844F /* Sources */,
				545FF3EB2330C158003D844F /* Frameworks */,
				545FF3EC2330C158003D844F /* Resources */,
			);
			buildRules = (
			);
			dependencies = (
			);
			name = Exchange;
			productName = Exchange;
			productReference = 545FF3EE2330C158003D844F /* Exchange.app */;
			productType = "com.apple.product-type.application";
		};
/* End PBXNativeTarget section */

/* Begin PBXProject section */
		545FF3E62330C158003D844F /* Project object */ = {
			isa = PBXProject;
			attributes = {
				LastUpgradeCheck = 1030;
				ORGANIZATIONNAME = cxh;
				TargetAttributes = {
					545FF3ED2330C158003D844F = {
						CreatedOnToolsVersion = 10.3;
					};
				};
			};
			buildConfigurationList = 545FF3E92330C158003D844F /* Build configuration list for PBXProject "Exchange" */;
			compatibilityVersion = "Xcode 9.3";
			developmentRegion = en;
			hasScannedForEncodings = 0;
			knownRegions = (
				en,
				Base,
			);
			mainGroup = 545FF3E52330C158003D844F;
			productRefGroup = 545FF3EF2330C158003D844F /* Products */;
			projectDirPath = "";
			projectRoot = "";
			targets = (
				545FF3ED2330C158003D844F /* Exchange */,
			);
		};
/* End PBXProject section */

/* Begin PBXResourcesBuildPhase section */
		545FF3EC2330C158003D844F /* Resources */ = {
			isa = PBXResourcesBuildPhase;
			buildActionMask = 2147483647;
			files = (
				E48A8F4C23365C3300F1FC33 /* exchange.json in Resources */,
				545FF3FE2330C15B003D844F /* LaunchScreen.storyboard in Resources */,
				545FF3FB2330C15B003D844F /* Assets.xcassets in Resources */,
				545FF3F92330C158003D844F /* Main.storyboard in Resources */,
			);
			runOnlyForDeploymentPostprocessing = 0;
		};
/* End PBXResourcesBuildPhase section */

/* Begin PBXShellScriptBuildPhase section */
		56CC0675FA5A95AC0E8D0E78 /* [CP] Check Pods Manifest.lock */ = {
			isa = PBXShellScriptBuildPhase;
			buildActionMask = 2147483647;
			files = (
			);
			inputPaths = (
				"${PODS_PODFILE_DIR_PATH}/Podfile.lock",
				"${PODS_ROOT}/Manifest.lock",
			);
			name = "[CP] Check Pods Manifest.lock";
			outputPaths = (
				"$(DERIVED_FILE_DIR)/Pods-Exchange-checkManifestLockResult.txt",
			);
			runOnlyForDeploymentPostprocessing = 0;
			shellPath = /bin/sh;
			shellScript = "diff \"${PODS_PODFILE_DIR_PATH}/Podfile.lock\" \"${PODS_ROOT}/Manifest.lock\" > /dev/null\nif [ $? != 0 ] ; then\n    # print error to STDERR\n    echo \"error: The sandbox is not in sync with the Podfile.lock. Run 'pod install' or update your CocoaPods installation.\" >&2\n    exit 1\nfi\n# This output is used by Xcode 'outputs' to avoid re-running this script phase.\necho \"SUCCESS\" > \"${SCRIPT_OUTPUT_FILE_0}\"\n";
			showEnvVarsInLog = 0;
		};
/* End PBXShellScriptBuildPhase section */

/* Begin PBXSourcesBuildPhase section */
		545FF3EA2330C158003D844F /* Sources */ = {
			isa = PBXSourcesBuildPhase;
			buildActionMask = 2147483647;
			files = (
				54EAFE0123311260002296FE /* ToolVC.m in Sources */,
				54EAFDFB2330E054002296FE /* UIView+Frame.m in Sources */,
				E48A8F4F2336664100F1FC33 /* ToolCell.m in Sources */,
				54EAFDFE23310431002296FE /* HomeCVCell.m in Sources */,
				545FF3F62330C158003D844F /* ViewController.m in Sources */,
				545FF4012330C15B003D844F /* main.m in Sources */,
				545FF3F32330C158003D844F /* AppDelegate.m in Sources */,
			);
			runOnlyForDeploymentPostprocessing = 0;
		};
/* End PBXSourcesBuildPhase section */

/* Begin PBXVariantGroup section */
		545FF3F72330C158003D844F /* Main.storyboard */ = {
			isa = PBXVariantGroup;
			children = (
				545FF3F82330C158003D844F /* Base */,
			);
			name = Main.storyboard;
			sourceTree = "<group>";
		};
		545FF3FC2330C15B003D844F /* LaunchScreen.storyboard */ = {
			isa = PBXVariantGroup;
			children = (
				545FF3FD2330C15B003D844F /* Base */,
			);
			name = LaunchScreen.storyboard;
			sourceTree = "<group>";
		};
/* End PBXVariantGroup section */

/* Begin XCBuildConfiguration section */
		545FF4022330C15B003D844F /* Debug */ = {
			isa = XCBuildConfiguration;
			buildSettings = {
				ALWAYS_SEARCH_USER_PATHS = NO;
				CLANG_ANALYZER_NONNULL = YES;
				CLANG_ANALYZER_NUMBER_OBJECT_CONVERSION = YES_AGGRESSIVE;
				CLANG_CXX_LANGUAGE_STANDARD = "gnu++14";
				CLANG_CXX_LIBRARY = "libc++";
				CLANG_ENABLE_MODULES = YES;
				CLANG_ENABLE_OBJC_ARC = YES;
				CLANG_ENABLE_OBJC_WEAK = YES;
				CLANG_WARN_BLOCK_CAPTURE_AUTORELEASING = YES;
				CLANG_WARN_BOOL_CONVERSION = YES;
				CLANG_WARN_COMMA = YES;
				CLANG_WARN_CONSTANT_CONVERSION = YES;
				CLANG_WARN_DEPRECATED_OBJC_IMPLEMENTATIONS = YES;
				CLANG_WARN_DIRECT_OBJC_ISA_USAGE = YES_ERROR;
				CLANG_WARN_DOCUMENTATION_COMMENTS = YES;
				CLANG_WARN_EMPTY_BODY = YES;
				CLANG_WARN_ENUM_CONVERSION = YES;
				CLANG_WARN_INFINITE_RECURSION = YES;
				CLANG_WARN_INT_CONVERSION = YES;
				CLANG_WARN_NON_LITERAL_NULL_CONVERSION = YES;
				CLANG_WARN_OBJC_IMPLICIT_RETAIN_SELF = YES;
				CLANG_WARN_OBJC_LITERAL_CONVERSION = YES;
				CLANG_WARN_OBJC_ROOT_CLASS = YES_ERROR;
				CLANG_WARN_RANGE_LOOP_ANALYSIS = YES;
				CLANG_WARN_STRICT_PROTOTYPES = YES;
				CLANG_WARN_SUSPICIOUS_MOVE = YES;
				CLANG_WARN_UNGUARDED_AVAILABILITY = YES_AGGRESSIVE;
				CLANG_WARN_UNREACHABLE_CODE = YES;
				CLANG_WARN__DUPLICATE_METHOD_MATCH = YES;
				CODE_SIGN_IDENTITY = "iPhone Developer";
				COPY_PHASE_STRIP = NO;
				DEBUG_INFORMATION_FORMAT = dwarf;
				ENABLE_STRICT_OBJC_MSGSEND = YES;
				ENABLE_TESTABILITY = YES;
				GCC_C_LANGUAGE_STANDARD = gnu11;
				GCC_DYNAMIC_NO_PIC = NO;
				GCC_NO_COMMON_BLOCKS = YES;
				GCC_OPTIMIZATION_LEVEL = 0;
				GCC_PREPROCESSOR_DEFINITIONS = (
					"DEBUG=1",
					"$(inherited)",
				);
				GCC_WARN_64_TO_32_BIT_CONVERSION = YES;
				GCC_WARN_ABOUT_RETURN_TYPE = YES_ERROR;
				GCC_WARN_UNDECLARED_SELECTOR = YES;
				GCC_WARN_UNINITIALIZED_AUTOS = YES_AGGRESSIVE;
				GCC_WARN_UNUSED_FUNCTION = YES;
				GCC_WARN_UNUSED_VARIABLE = YES;
				IPHONEOS_DEPLOYMENT_TARGET = 12.4;
				MTL_ENABLE_DEBUG_INFO = INCLUDE_SOURCE;
				MTL_FAST_MATH = YES;
				ONLY_ACTIVE_ARCH = YES;
				SDKROOT = iphoneos;
			};
			name = Debug;
		};
		545FF4032330C15B003D844F /* Release */ = {
			isa = XCBuildConfiguration;
			buildSettings = {
				ALWAYS_SEARCH_USER_PATHS = NO;
				CLANG_ANALYZER_NONNULL = YES;
				CLANG_ANALYZER_NUMBER_OBJECT_CONVERSION = YES_AGGRESSIVE;
				CLANG_CXX_LANGUAGE_STANDARD = "gnu++14";
				CLANG_CXX_LIBRARY = "libc++";
				CLANG_ENABLE_MODULES = YES;
				CLANG_ENABLE_OBJC_ARC = YES;
				CLANG_ENABLE_OBJC_WEAK = YES;
				CLANG_WARN_BLOCK_CAPTURE_AUTORELEASING = YES;
				CLANG_WARN_BOOL_CONVERSION = YES;
				CLANG_WARN_COMMA = YES;
				CLANG_WARN_CONSTANT_CONVERSION = YES;
				CLANG_WARN_DEPRECATED_OBJC_IMPLEMENTATIONS = YES;
				CLANG_WARN_DIRECT_OBJC_ISA_USAGE = YES_ERROR;
				CLANG_WARN_DOCUMENTATION_COMMENTS = YES;
				CLANG_WARN_EMPTY_BODY = YES;
				CLANG_WARN_ENUM_CONVERSION = YES;
				CLANG_WARN_INFINITE_RECURSION = YES;
				CLANG_WARN_INT_CONVERSION = YES;
				CLANG_WARN_NON_LITERAL_NULL_CONVERSION = YES;
				CLANG_WARN_OBJC_IMPLICIT_RETAIN_SELF = YES;
				CLANG_WARN_OBJC_LITERAL_CONVERSION = YES;
				CLANG_WARN_OBJC_ROOT_CLASS = YES_ERROR;
				CLANG_WARN_RANGE_LOOP_ANALYSIS = YES;
				CLANG_WARN_STRICT_PROTOTYPES = YES;
				CLANG_WARN_SUSPICIOUS_MOVE = YES;
				CLANG_WARN_UNGUARDED_AVAILABILITY = YES_AGGRESSIVE;
				CLANG_WARN_UNREACHABLE_CODE = YES;
				CLANG_WARN__DUPLICATE_METHOD_MATCH = YES;
				CODE_SIGN_IDENTITY = "iPhone Developer";
				COPY_PHASE_STRIP = NO;
				DEBUG_INFORMATION_FORMAT = "dwarf-with-dsym";
				ENABLE_NS_ASSERTIONS = NO;
				ENABLE_STRICT_OBJC_MSGSEND = YES;
				GCC_C_LANGUAGE_STANDARD = gnu11;
				GCC_NO_COMMON_BLOCKS = YES;
				GCC_WARN_64_TO_32_BIT_CONVERSION = YES;
				GCC_WARN_ABOUT_RETURN_TYPE = YES_ERROR;
				GCC_WARN_UNDECLARED_SELECTOR = YES;
				GCC_WARN_UNINITIALIZED_AUTOS = YES_AGGRESSIVE;
				GCC_WARN_UNUSED_FUNCTION = YES;
				GCC_WARN_UNUSED_VARIABLE = YES;
				IPHONEOS_DEPLOYMENT_TARGET = 12.4;
				MTL_ENABLE_DEBUG_INFO = NO;
				MTL_FAST_MATH = YES;
				SDKROOT = iphoneos;
				VALIDATE_PRODUCT = YES;
			};
			name = Release;
		};
		545FF4052330C15B003D844F /* Debug */ = {
			isa = XCBuildConfiguration;
			baseConfigurationReference = 28E02D5F4C70F9DFE8A68254 /* Pods-Exchange.debug.xcconfig */;
			buildSettings = {
				ASSETCATALOG_COMPILER_APPICON_NAME = AppIcon;
				CODE_SIGN_STYLE = Automatic;
				GCC_PRECOMPILE_PREFIX_HEADER = YES;
				GCC_PREFIX_HEADER = Exchange/PrefixHeader.pch;
				INFOPLIST_FILE = Exchange/Info.plist;
				LD_RUNPATH_SEARCH_PATHS = (
					"$(inherited)",
					"@executable_path/Frameworks",
				);
				PRODUCT_BUNDLE_IDENTIFIER = cxh.Exchange;
				PRODUCT_NAME = "$(TARGET_NAME)";
				TARGETED_DEVICE_FAMILY = "1,2";
			};
			name = Debug;
		};
		545FF4062330C15B003D844F /* Release */ = {
			isa = XCBuildConfiguration;
			baseConfigurationReference = 98F2451A5F8ADF26DEF19266 /* Pods-Exchange.release.xcconfig */;
			buildSettings = {
				ASSETCATALOG_COMPILER_APPICON_NAME = AppIcon;
				CODE_SIGN_STYLE = Automatic;
				GCC_PRECOMPILE_PREFIX_HEADER = YES;
				GCC_PREFIX_HEADER = Exchange/PrefixHeader.pch;
				INFOPLIST_FILE = Exchange/Info.plist;
				LD_RUNPATH_SEARCH_PATHS = (
					"$(inherited)",
					"@executable_path/Frameworks",
				);
				PRODUCT_BUNDLE_IDENTIFIER = cxh.Exchange;
				PRODUCT_NAME = "$(TARGET_NAME)";
				TARGETED_DEVICE_FAMILY = "1,2";
			};
			name = Release;
		};
/* End XCBuildConfiguration section */

/* Begin XCConfigurationList section */
		545FF3E92330C158003D844F /* Build configuration list for PBXProject "Exchange" */ = {
			isa = XCConfigurationList;
			buildConfigurations = (
				545FF4022330C15B003D844F /* Debug */,
				545FF4032330C15B003D844F /* Release */,
			);
			defaultConfigurationIsVisible = 0;
			defaultConfigurationName = Release;
		};
		545FF4042330C15B003D844F /* Build configuration list for PBXNativeTarget "Exchange" */ = {
			isa = XCConfigurationList;
			buildConfigurations = (
				545FF4052330C15B003D844F /* Debug */,
				545FF4062330C15B003D844F /* Release */,
			);
			defaultConfigurationIsVisible = 0;
			defaultConfigurationName = Release;
		};
/* End XCConfigurationList section */
	};
	rootObject = 545FF3E62330C158003D844F /* Project object */;
}
